
Microsoft Visual Studio Solution File, Format Version 12.00
# Visual Studio Version 17
VisualStudioVersion = 17.7.34031.279
MinimumVisualStudioVersion = 10.0.40219.1
Project("{8BC9CEB8-8B4A-11D0-8D11-00A0C91BC942}") = "custom_delegates", "custom_delegates\custom_delegates.vcxproj", "{AC77787C-44FA-4FE5-9632-F80348C40AD0}"
EndProject
Global
	GlobalSection(SolutionConfigurationPlatforms) = preSolution
		Release|x64 = Release|x64
		Test|x64 = Test|x64
	EndGlobalSection
	GlobalSection(ProjectConfigurationPlatforms) = postSolution
		{AC77787C-44FA-4FE5-9632-F80348C40AD0}.Release|x64.ActiveCfg = Release|x64
		{AC77787C-44FA-4FE5-9632-F80348C40AD0}.Release|x64.Build.0 = Release|x64
		{AC77787C-44FA-4FE5-9632-F80348C40AD0}.Test|x64.ActiveCfg = Test|x64
		{AC77787C-44FA-4FE5-9632-F80348C40AD0}.Test|x64.Build.0 = Test|x64
	EndGlobalSection
	GlobalSection(SolutionProperties) = preSolution
		HideSolutionNode = FALSE
	EndGlobalSection
	GlobalSection(ExtensibilityGlobals) = postSolution
		SolutionGuid = {4A405DB1-63E4-4C67-AE06-FA6F2DAE25C7}
	EndGlobalSection
EndGlobal
